{
  "requires": true,
  "lockfileVersion": 1,
  "dependencies": {
    "@use-it/event-listener": {
      "version": "0.1.3",
      "resolved": "https://registry.npmjs.org/@use-it/event-listener/-/event-listener-0.1.3.tgz",
      "integrity": "sha512-UCHkLOVU+xj3/1R8jXz8GzDTowkzfIDPESOBlVC2ndgwUSBEqiFdwCoUEs2lcGhJOOiEdmWxF+T23C5+60eEew=="
    }
  }
}
